
Microsoft Visual Studio Solution File, Format Version 12.00
# Visual Studio Version 17
VisualStudioVersion = 17.7.34221.43
MinimumVisualStudioVersion = 10.0.40219.1
Project("{FAE04EC0-301F-11D3-BF4B-00C04F79EFBC}") = "Practica 18", "Practica 18.csproj", "{15BBB18C-8B13-4259-AA1B-6DBC02CCB035}"
EndProject
Global
	GlobalSection(SolutionConfigurationPlatforms) = preSolution
		Debug|Any CPU = Debug|Any CPU
		Release|Any CPU = Release|Any CPU
	EndGlobalSection
	GlobalSection(ProjectConfigurationPlatforms) = postSolution
		{15BBB18C-8B13-4259-AA1B-6DBC02CCB035}.Debug|Any CPU.ActiveCfg = Debug|Any CPU
		{15BBB18C-8B13-4259-AA1B-6DBC02CCB035}.Debug|Any CPU.Build.0 = Debug|Any CPU
		{15BBB18C-8B13-4259-AA1B-6DBC02CCB035}.Release|Any CPU.ActiveCfg = Release|Any CPU
		{15BBB18C-8B13-4259-AA1B-6DBC02CCB035}.Release|Any CPU.Build.0 = Release|Any CPU
	EndGlobalSection
	GlobalSection(SolutionProperties) = preSolution
		HideSolutionNode = FALSE
	EndGlobalSection
	GlobalSection(ExtensibilityGlobals) = postSolution
		SolutionGuid = {50C6F090-CFC6-4316-8D0B-C61C66CC848A}
	EndGlobalSection
EndGlobal
